PODS:
  - ReactiveSwift (4.0.0):
    - Result (~> 4.0)
  - Result (4.1.0)
  - SwiftyRedux/All (0.1.0):
    - SwiftyRedux/BatchedActions
    - SwiftyRedux/Command
    - SwiftyRedux/Core
    - SwiftyRedux/Epics
    - SwiftyRedux/ReactiveExtensions
    - SwiftyRedux/SideEffects
    - SwiftyRedux/Steroids
  - SwiftyRedux/All/Tests (0.1.0):
    - SwiftyRedux/BatchedActions
    - SwiftyRedux/Command
    - SwiftyRedux/Core
    - SwiftyRedux/Epics
    - SwiftyRedux/ReactiveExtensions
    - SwiftyRedux/SideEffects
    - SwiftyRedux/Steroids
  - SwiftyRedux/BatchedActions (0.1.0):
    - SwiftyRedux/Core
  - SwiftyRedux/Command (0.1.0):
    - SwiftyRedux/Core
  - SwiftyRedux/Core (0.1.0)
  - SwiftyRedux/Epics (0.1.0):
    - ReactiveSwift (~> 4.0)
    - SwiftyRedux/Core
  - SwiftyRedux/ReactiveExtensions (0.1.0):
    - ReactiveSwift (~> 4.0)
    - SwiftyRedux/Core
    - SwiftyRedux/Steroids
  - SwiftyRedux/SideEffects (0.1.0):
    - SwiftyRedux/Core
  - SwiftyRedux/Steroids (0.1.0):
    - SwiftyRedux/Core

DEPENDENCIES:
  - SwiftyRedux/All (from `../`)
  - SwiftyRedux/All/Tests (from `../`)

SPEC REPOS:
  https://github.com/cocoapods/specs.git:
    - ReactiveSwift
    - Result

EXTERNAL SOURCES:
  SwiftyRedux:
    :path: "../"

SPEC CHECKSUMS:
  ReactiveSwift: a2bb9ace428a109e9c0209615645d9d286c8c433
  Result: bd966fac789cc6c1563440b348ab2598cc24d5c7
  SwiftyRedux: b49104d76405826139ff8080010d5fdefe6d54ac

PODFILE CHECKSUM: 42ab572b81ab792ef19223496af8c7353f01d3f3

COCOAPODS: 1.5.3
