PODS:
  - ReactiveSwift (6.0.0)
  - SwiftyRedux/All (0.3.0):
    - SwiftyRedux/BatchedActions
    - SwiftyRedux/Command
    - SwiftyRedux/Core
    - SwiftyRedux/Epics
    - SwiftyRedux/ReactiveExtensions
    - SwiftyRedux/SideEffects
    - SwiftyRedux/Steroids
  - SwiftyRedux/All/Tests (0.3.0):
    - SwiftyRedux/BatchedActions
    - SwiftyRedux/Command
    - SwiftyRedux/Core
    - SwiftyRedux/Epics
    - SwiftyRedux/ReactiveExtensions
    - SwiftyRedux/SideEffects
    - SwiftyRedux/Steroids
  - SwiftyRedux/BatchedActions (0.3.0):
    - SwiftyRedux/Core
  - SwiftyRedux/Command (0.3.0):
    - SwiftyRedux/Core
  - SwiftyRedux/Core (0.3.0)
  - SwiftyRedux/Epics (0.3.0):
    - ReactiveSwift (~> 6.0)
    - SwiftyRedux/Core
  - SwiftyRedux/ReactiveExtensions (0.3.0):
    - ReactiveSwift (~> 6.0)
    - SwiftyRedux/Core
    - SwiftyRedux/Steroids
  - SwiftyRedux/SideEffects (0.3.0):
    - SwiftyRedux/Core
  - SwiftyRedux/Steroids (0.3.0):
    - SwiftyRedux/Core

DEPENDENCIES:
  - SwiftyRedux/All (from `../`)
  - SwiftyRedux/All/Tests (from `../`)

SPEC REPOS:
  https://github.com/cocoapods/specs.git:
    - ReactiveSwift

EXTERNAL SOURCES:
  SwiftyRedux:
    :path: "../"

SPEC CHECKSUMS:
  ReactiveSwift: 24b7ed245617bbfd30ee0c87779b6c64ac1b4518
  SwiftyRedux: 139404e6f214348762ac9e76c5ea9da349374da4

PODFILE CHECKSUM: 42ab572b81ab792ef19223496af8c7353f01d3f3

COCOAPODS: 1.6.1
