// !$*UTF8*$!
{
	archiveVersion = 1;
	classes = {
	};
	objectVersion = 50;
	objects = {

/* Begin PBXBuildFile section */
		D25B30C721C5D8AD009DA868 /* SwiftyRedux.framework in Frameworks */ = {isa = PBXBuildFile; fileRef = D25B30BD21C5D8AD009DA868 /* SwiftyRedux.framework */; };
		D25B30CE21C5D8AD009DA868 /* SwiftyRedux.h in Headers */ = {isa = PBXBuildFile; fileRef = D25B30C021C5D8AD009DA868 /* SwiftyRedux.h */; settings = {ATTRIBUTES = (Public, ); }; };
		D25B30EF21C5D99F009DA868 /* Observer.swift in Sources */ = {isa = PBXBuildFile; fileRef = D25B30E821C5D99F009DA868 /* Observer.swift */; };
		D25B30F021C5D99F009DA868 /* Reducer.swift in Sources */ = {isa = PBXBuildFile; fileRef = D25B30E921C5D99F009DA868 /* Reducer.swift */; };
		D25B30F121C5D99F009DA868 /* Disposable.swift in Sources */ = {isa = PBXBuildFile; fileRef = D25B30EA21C5D99F009DA868 /* Disposable.swift */; };
		D25B30F221C5D99F009DA868 /* Middleware.swift in Sources */ = {isa = PBXBuildFile; fileRef = D25B30EB21C5D99F009DA868 /* Middleware.swift */; };
		D25B30F321C5D99F009DA868 /* Store.swift in Sources */ = {isa = PBXBuildFile; fileRef = D25B30EC21C5D99F009DA868 /* Store.swift */; };
		D25B30F421C5D99F009DA868 /* Observable.swift in Sources */ = {isa = PBXBuildFile; fileRef = D25B30ED21C5D99F009DA868 /* Observable.swift */; };
		D25B30F521C5D99F009DA868 /* Action.swift in Sources */ = {isa = PBXBuildFile; fileRef = D25B30EE21C5D99F009DA868 /* Action.swift */; };
		D25B30F721C5DA45009DA868 /* ReadWriteQueue.swift in Sources */ = {isa = PBXBuildFile; fileRef = D25B30F621C5DA45009DA868 /* ReadWriteQueue.swift */; };
		D25B310821C72017009DA868 /* ReducerTests.swift in Sources */ = {isa = PBXBuildFile; fileRef = D25B310321C72017009DA868 /* ReducerTests.swift */; };
		D25B310F21C7266D009DA868 /* MiddlewareTests.swift in Sources */ = {isa = PBXBuildFile; fileRef = D25B310E21C7266D009DA868 /* MiddlewareTests.swift */; };
/* End PBXBuildFile section */

/* Begin PBXContainerItemProxy section */
		D25B30C821C5D8AD009DA868 /* PBXContainerItemProxy */ = {
			isa = PBXContainerItemProxy;
			containerPortal = D25B30B421C5D8AD009DA868 /* Project object */;
			proxyType = 1;
			remoteGlobalIDString = D25B30BC21C5D8AD009DA868;
			remoteInfo = SwiftyRedux;
		};
/* End PBXContainerItemProxy section */

/* Begin PBXFileReference section */
		D25B30BD21C5D8AD009DA868 /* SwiftyRedux.framework */ = {isa = PBXFileReference; explicitFileType = wrapper.framework; includeInIndex = 0; path = SwiftyRedux.framework; sourceTree = BUILT_PRODUCTS_DIR; };
		D25B30C021C5D8AD009DA868 /* SwiftyRedux.h */ = {isa = PBXFileReference; lastKnownFileType = sourcecode.c.h; path = SwiftyRedux.h; sourceTree = "<group>"; };
		D25B30C121C5D8AD009DA868 /* Info.plist */ = {isa = PBXFileReference; lastKnownFileType = text.plist.xml; path = Info.plist; sourceTree = "<group>"; };
		D25B30C621C5D8AD009DA868 /* SwiftyReduxTests.xctest */ = {isa = PBXFileReference; explicitFileType = wrapper.cfbundle; includeInIndex = 0; path = SwiftyReduxTests.xctest; sourceTree = BUILT_PRODUCTS_DIR; };
		D25B30CD21C5D8AD009DA868 /* Info.plist */ = {isa = PBXFileReference; lastKnownFileType = text.plist.xml; path = Info.plist; sourceTree = "<group>"; };
		D25B30E821C5D99F009DA868 /* Observer.swift */ = {isa = PBXFileReference; fileEncoding = 4; lastKnownFileType = sourcecode.swift; path = Observer.swift; sourceTree = "<group>"; };
		D25B30E921C5D99F009DA868 /* Reducer.swift */ = {isa = PBXFileReference; fileEncoding = 4; lastKnownFileType = sourcecode.swift; path = Reducer.swift; sourceTree = "<group>"; };
		D25B30EA21C5D99F009DA868 /* Disposable.swift */ = {isa = PBXFileReference; fileEncoding = 4; lastKnownFileType = sourcecode.swift; path = Disposable.swift; sourceTree = "<group>"; };
		D25B30EB21C5D99F009DA868 /* Middleware.swift */ = {isa = PBXFileReference; fileEncoding = 4; lastKnownFileType = sourcecode.swift; path = Middleware.swift; sourceTree = "<group>"; };
		D25B30EC21C5D99F009DA868 /* Store.swift */ = {isa = PBXFileReference; fileEncoding = 4; lastKnownFileType = sourcecode.swift; path = Store.swift; sourceTree = "<group>"; };
		D25B30ED21C5D99F009DA868 /* Observable.swift */ = {isa = PBXFileReference; fileEncoding = 4; lastKnownFileType = sourcecode.swift; path = Observable.swift; sourceTree = "<group>"; };
		D25B30EE21C5D99F009DA868 /* Action.swift */ = {isa = PBXFileReference; fileEncoding = 4; lastKnownFileType = sourcecode.swift; path = Action.swift; sourceTree = "<group>"; };
		D25B30F621C5DA45009DA868 /* ReadWriteQueue.swift */ = {isa = PBXFileReference; lastKnownFileType = sourcecode.swift; path = ReadWriteQueue.swift; sourceTree = "<group>"; };
		D25B310321C72017009DA868 /* ReducerTests.swift */ = {isa = PBXFileReference; fileEncoding = 4; lastKnownFileType = sourcecode.swift; path = ReducerTests.swift; sourceTree = "<group>"; };
		D25B310E21C7266D009DA868 /* MiddlewareTests.swift */ = {isa = PBXFileReference; fileEncoding = 4; lastKnownFileType = sourcecode.swift; path = MiddlewareTests.swift; sourceTree = "<group>"; };
/* End PBXFileReference section */

/* Begin PBXFrameworksBuildPhase section */
		D25B30BA21C5D8AD009DA868 /* Frameworks */ = {
			isa = PBXFrameworksBuildPhase;
			buildActionMask = 2147483647;
			files = (
			);
			runOnlyForDeploymentPostprocessing = 0;
		};
		D25B30C321C5D8AD009DA868 /* Frameworks */ = {
			isa = PBXFrameworksBuildPhase;
			buildActionMask = 2147483647;
			files = (
				D25B30C721C5D8AD009DA868 /* SwiftyRedux.framework in Frameworks */,
			);
			runOnlyForDeploymentPostprocessing = 0;
		};
/* End PBXFrameworksBuildPhase section */

/* Begin PBXGroup section */
		D25B30B321C5D8AD009DA868 = {
			isa = PBXGroup;
			children = (
				D25B30BF21C5D8AD009DA868 /* SwiftyRedux */,
				D25B30CA21C5D8AD009DA868 /* SwiftyReduxTests */,
				D25B30BE21C5D8AD009DA868 /* Products */,
			);
			sourceTree = "<group>";
		};
		D25B30BE21C5D8AD009DA868 /* Products */ = {
			isa = PBXGroup;
			children = (
				D25B30BD21C5D8AD009DA868 /* SwiftyRedux.framework */,
				D25B30C621C5D8AD009DA868 /* SwiftyReduxTests.xctest */,
			);
			name = Products;
			sourceTree = "<group>";
		};
		D25B30BF21C5D8AD009DA868 /* SwiftyRedux */ = {
			isa = PBXGroup;
			children = (
				D25B30E721C5D99F009DA868 /* Sources */,
				D25B30C021C5D8AD009DA868 /* SwiftyRedux.h */,
				D25B30C121C5D8AD009DA868 /* Info.plist */,
			);
			path = SwiftyRedux;
			sourceTree = "<group>";
		};
		D25B30CA21C5D8AD009DA868 /* SwiftyReduxTests */ = {
			isa = PBXGroup;
			children = (
				D25B310321C72017009DA868 /* ReducerTests.swift */,
				D25B310E21C7266D009DA868 /* MiddlewareTests.swift */,
				D25B30CD21C5D8AD009DA868 /* Info.plist */,
			);
			path = SwiftyReduxTests;
			sourceTree = "<group>";
		};
		D25B30E721C5D99F009DA868 /* Sources */ = {
			isa = PBXGroup;
			children = (
				D25B30EE21C5D99F009DA868 /* Action.swift */,
				D25B30E921C5D99F009DA868 /* Reducer.swift */,
				D25B30EB21C5D99F009DA868 /* Middleware.swift */,
				D25B30EC21C5D99F009DA868 /* Store.swift */,
				D25B30ED21C5D99F009DA868 /* Observable.swift */,
				D25B30E821C5D99F009DA868 /* Observer.swift */,
				D25B30EA21C5D99F009DA868 /* Disposable.swift */,
				D25B30F621C5DA45009DA868 /* ReadWriteQueue.swift */,
			);
			path = Sources;
			sourceTree = "<group>";
		};
/* End PBXGroup section */

/* Begin PBXHeadersBuildPhase section */
		D25B30B821C5D8AD009DA868 /* Headers */ = {
			isa = PBXHeadersBuildPhase;
			buildActionMask = 2147483647;
			files = (
				D25B30CE21C5D8AD009DA868 /* SwiftyRedux.h in Headers */,
			);
			runOnlyForDeploymentPostprocessing = 0;
		};
/* End PBXHeadersBuildPhase section */

/* Begin PBXNativeTarget section */
		D25B30BC21C5D8AD009DA868 /* SwiftyRedux */ = {
			isa = PBXNativeTarget;
			buildConfigurationList = D25B30D121C5D8AD009DA868 /* Build configuration list for PBXNativeTarget "SwiftyRedux" */;
			buildPhases = (
				D25B30B821C5D8AD009DA868 /* Headers */,
				D25B30B921C5D8AD009DA868 /* Sources */,
				D25B30BA21C5D8AD009DA868 /* Frameworks */,
				D25B30BB21C5D8AD009DA868 /* Resources */,
			);
			buildRules = (
			);
			dependencies = (
			);
			name = SwiftyRedux;
			productName = SwiftyRedux;
			productReference = D25B30BD21C5D8AD009DA868 /* SwiftyRedux.framework */;
			productType = "com.apple.product-type.framework";
		};
		D25B30C521C5D8AD009DA868 /* SwiftyReduxTests */ = {
			isa = PBXNativeTarget;
			buildConfigurationList = D25B30D421C5D8AD009DA868 /* Build configuration list for PBXNativeTarget "SwiftyReduxTests" */;
			buildPhases = (
				D25B30C221C5D8AD009DA868 /* Sources */,
				D25B30C321C5D8AD009DA868 /* Frameworks */,
				D25B30C421C5D8AD009DA868 /* Resources */,
			);
			buildRules = (
			);
			dependencies = (
				D25B30C921C5D8AD009DA868 /* PBXTargetDependency */,
			);
			name = SwiftyReduxTests;
			productName = SwiftyReduxTests;
			productReference = D25B30C621C5D8AD009DA868 /* SwiftyReduxTests.xctest */;
			productType = "com.apple.product-type.bundle.unit-test";
		};
/* End PBXNativeTarget section */

/* Begin PBXProject section */
		D25B30B421C5D8AD009DA868 /* Project object */ = {
			isa = PBXProject;
			attributes = {
				LastSwiftUpdateCheck = 1010;
				LastUpgradeCheck = 1010;
				ORGANIZATIONNAME = "Alex Voronov";
				TargetAttributes = {
					D25B30BC21C5D8AD009DA868 = {
						CreatedOnToolsVersion = 10.1;
						LastSwiftMigration = 1010;
					};
					D25B30C521C5D8AD009DA868 = {
						CreatedOnToolsVersion = 10.1;
					};
				};
			};
			buildConfigurationList = D25B30B721C5D8AD009DA868 /* Build configuration list for PBXProject "SwiftyRedux" */;
			compatibilityVersion = "Xcode 9.3";
			developmentRegion = en;
			hasScannedForEncodings = 0;
			knownRegions = (
				en,
			);
			mainGroup = D25B30B321C5D8AD009DA868;
			productRefGroup = D25B30BE21C5D8AD009DA868 /* Products */;
			projectDirPath = "";
			projectRoot = "";
			targets = (
				D25B30BC21C5D8AD009DA868 /* SwiftyRedux */,
				D25B30C521C5D8AD009DA868 /* SwiftyReduxTests */,
			);
		};
/* End PBXProject section */

/* Begin PBXResourcesBuildPhase section */
		D25B30BB21C5D8AD009DA868 /* Resources */ = {
			isa = PBXResourcesBuildPhase;
			buildActionMask = 2147483647;
			files = (
			);
			runOnlyForDeploymentPostprocessing = 0;
		};
		D25B30C421C5D8AD009DA868 /* Resources */ = {
			isa = PBXResourcesBuildPhase;
			buildActionMask = 2147483647;
			files = (
			);
			runOnlyForDeploymentPostprocessing = 0;
		};
/* End PBXResourcesBuildPhase section */

/* Begin PBXSourcesBuildPhase section */
		D25B30B921C5D8AD009DA868 /* Sources */ = {
			isa = PBXSourcesBuildPhase;
			buildActionMask = 2147483647;
			files = (
				D25B30F421C5D99F009DA868 /* Observable.swift in Sources */,
				D25B30EF21C5D99F009DA868 /* Observer.swift in Sources */,
				D25B30F221C5D99F009DA868 /* Middleware.swift in Sources */,
				D25B30F721C5DA45009DA868 /* ReadWriteQueue.swift in Sources */,
				D25B30F321C5D99F009DA868 /* Store.swift in Sources */,
				D25B30F021C5D99F009DA868 /* Reducer.swift in Sources */,
				D25B30F121C5D99F009DA868 /* Disposable.swift in Sources */,
				D25B30F521C5D99F009DA868 /* Action.swift in Sources */,
			);
			runOnlyForDeploymentPostprocessing = 0;
		};
		D25B30C221C5D8AD009DA868 /* Sources */ = {
			isa = PBXSourcesBuildPhase;
			buildActionMask = 2147483647;
			files = (
				D25B310F21C7266D009DA868 /* MiddlewareTests.swift in Sources */,
				D25B310821C72017009DA868 /* ReducerTests.swift in Sources */,
			);
			runOnlyForDeploymentPostprocessing = 0;
		};
/* End PBXSourcesBuildPhase section */

/* Begin PBXTargetDependency section */
		D25B30C921C5D8AD009DA868 /* PBXTargetDependency */ = {
			isa = PBXTargetDependency;
			target = D25B30BC21C5D8AD009DA868 /* SwiftyRedux */;
			targetProxy = D25B30C821C5D8AD009DA868 /* PBXContainerItemProxy */;
		};
/* End PBXTargetDependency section */

/* Begin XCBuildConfiguration section */
		D25B30CF21C5D8AD009DA868 /* Debug */ = {
			isa = XCBuildConfiguration;
			buildSettings = {
				ALWAYS_SEARCH_USER_PATHS = NO;
				CLANG_ANALYZER_NONNULL = YES;
				CLANG_ANALYZER_NUMBER_OBJECT_CONVERSION = YES_AGGRESSIVE;
				CLANG_CXX_LANGUAGE_STANDARD = "gnu++14";
				CLANG_CXX_LIBRARY = "libc++";
				CLANG_ENABLE_MODULES = YES;
				CLANG_ENABLE_OBJC_ARC = YES;
				CLANG_ENABLE_OBJC_WEAK = YES;
				CLANG_WARN_BLOCK_CAPTURE_AUTORELEASING = YES;
				CLANG_WARN_BOOL_CONVERSION = YES;
				CLANG_WARN_COMMA = YES;
				CLANG_WARN_CONSTANT_CONVERSION = YES;
				CLANG_WARN_DEPRECATED_OBJC_IMPLEMENTATIONS = YES;
				CLANG_WARN_DIRECT_OBJC_ISA_USAGE = YES_ERROR;
				CLANG_WARN_DOCUMENTATION_COMMENTS = YES;
				CLANG_WARN_EMPTY_BODY = YES;
				CLANG_WARN_ENUM_CONVERSION = YES;
				CLANG_WARN_INFINITE_RECURSION = YES;
				CLANG_WARN_INT_CONVERSION = YES;
				CLANG_WARN_NON_LITERAL_NULL_CONVERSION = YES;
				CLANG_WARN_OBJC_IMPLICIT_RETAIN_SELF = YES;
				CLANG_WARN_OBJC_LITERAL_CONVERSION = YES;
				CLANG_WARN_OBJC_ROOT_CLASS = YES_ERROR;
				CLANG_WARN_RANGE_LOOP_ANALYSIS = YES;
				CLANG_WARN_STRICT_PROTOTYPES = YES;
				CLANG_WARN_SUSPICIOUS_MOVE = YES;
				CLANG_WARN_UNGUARDED_AVAILABILITY = YES_AGGRESSIVE;
				CLANG_WARN_UNREACHABLE_CODE = YES;
				CLANG_WARN__DUPLICATE_METHOD_MATCH = YES;
				CODE_SIGN_IDENTITY = "iPhone Developer";
				COPY_PHASE_STRIP = NO;
				CURRENT_PROJECT_VERSION = 1;
				DEBUG_INFORMATION_FORMAT = dwarf;
				ENABLE_STRICT_OBJC_MSGSEND = YES;
				ENABLE_TESTABILITY = YES;
				GCC_C_LANGUAGE_STANDARD = gnu11;
				GCC_DYNAMIC_NO_PIC = NO;
				GCC_NO_COMMON_BLOCKS = YES;
				GCC_OPTIMIZATION_LEVEL = 0;
				GCC_PREPROCESSOR_DEFINITIONS = (
					"DEBUG=1",
					"$(inherited)",
				);
				GCC_WARN_64_TO_32_BIT_CONVERSION = YES;
				GCC_WARN_ABOUT_RETURN_TYPE = YES_ERROR;
				GCC_WARN_UNDECLARED_SELECTOR = YES;
				GCC_WARN_UNINITIALIZED_AUTOS = YES_AGGRESSIVE;
				GCC_WARN_UNUSED_FUNCTION = YES;
				GCC_WARN_UNUSED_VARIABLE = YES;
				IPHONEOS_DEPLOYMENT_TARGET = 12.1;
				MTL_ENABLE_DEBUG_INFO = INCLUDE_SOURCE;
				MTL_FAST_MATH = YES;
				ONLY_ACTIVE_ARCH = YES;
				SDKROOT = iphoneos;
				SWIFT_ACTIVE_COMPILATION_CONDITIONS = DEBUG;
				SWIFT_OPTIMIZATION_LEVEL = "-Onone";
				VERSIONING_SYSTEM = "apple-generic";
				VERSION_INFO_PREFIX = "";
			};
			name = Debug;
		};
		D25B30D021C5D8AD009DA868 /* Release */ = {
			isa = XCBuildConfiguration;
			buildSettings = {
				ALWAYS_SEARCH_USER_PATHS = NO;
				CLANG_ANALYZER_NONNULL = YES;
				CLANG_ANALYZER_NUMBER_OBJECT_CONVERSION = YES_AGGRESSIVE;
				CLANG_CXX_LANGUAGE_STANDARD = "gnu++14";
				CLANG_CXX_LIBRARY = "libc++";
				CLANG_ENABLE_MODULES = YES;
				CLANG_ENABLE_OBJC_ARC = YES;
				CLANG_ENABLE_OBJC_WEAK = YES;
				CLANG_WARN_BLOCK_CAPTURE_AUTORELEASING = YES;
				CLANG_WARN_BOOL_CONVERSION = YES;
				CLANG_WARN_COMMA = YES;
				CLANG_WARN_CONSTANT_CONVERSION = YES;
				CLANG_WARN_DEPRECATED_OBJC_IMPLEMENTATIONS = YES;
				CLANG_WARN_DIRECT_OBJC_ISA_USAGE = YES_ERROR;
				CLANG_WARN_DOCUMENTATION_COMMENTS = YES;
				CLANG_WARN_EMPTY_BODY = YES;
				CLANG_WARN_ENUM_CONVERSION = YES;
				CLANG_WARN_INFINITE_RECURSION = YES;
				CLANG_WARN_INT_CONVERSION = YES;
				CLANG_WARN_NON_LITERAL_NULL_CONVERSION = YES;
				CLANG_WARN_OBJC_IMPLICIT_RETAIN_SELF = YES;
				CLANG_WARN_OBJC_LITERAL_CONVERSION = YES;
				CLANG_WARN_OBJC_ROOT_CLASS = YES_ERROR;
				CLANG_WARN_RANGE_LOOP_ANALYSIS = YES;
				CLANG_WARN_STRICT_PROTOTYPES = YES;
				CLANG_WARN_SUSPICIOUS_MOVE = YES;
				CLANG_WARN_UNGUARDED_AVAILABILITY = YES_AGGRESSIVE;
				CLANG_WARN_UNREACHABLE_CODE = YES;
				CLANG_WARN__DUPLICATE_METHOD_MATCH = YES;
				CODE_SIGN_IDENTITY = "iPhone Developer";
				COPY_PHASE_STRIP = NO;
				CURRENT_PROJECT_VERSION = 1;
				DEBUG_INFORMATION_FORMAT = "dwarf-with-dsym";
				ENABLE_NS_ASSERTIONS = NO;
				ENABLE_STRICT_OBJC_MSGSEND = YES;
				GCC_C_LANGUAGE_STANDARD = gnu11;
				GCC_NO_COMMON_BLOCKS = YES;
				GCC_WARN_64_TO_32_BIT_CONVERSION = YES;
				GCC_WARN_ABOUT_RETURN_TYPE = YES_ERROR;
				GCC_WARN_UNDECLARED_SELECTOR = YES;
				GCC_WARN_UNINITIALIZED_AUTOS = YES_AGGRESSIVE;
				GCC_WARN_UNUSED_FUNCTION = YES;
				GCC_WARN_UNUSED_VARIABLE = YES;
				IPHONEOS_DEPLOYMENT_TARGET = 12.1;
				MTL_ENABLE_DEBUG_INFO = NO;
				MTL_FAST_MATH = YES;
				SDKROOT = iphoneos;
				SWIFT_COMPILATION_MODE = wholemodule;
				SWIFT_OPTIMIZATION_LEVEL = "-O";
				VALIDATE_PRODUCT = YES;
				VERSIONING_SYSTEM = "apple-generic";
				VERSION_INFO_PREFIX = "";
			};
			name = Release;
		};
		D25B30D221C5D8AD009DA868 /* Debug */ = {
			isa = XCBuildConfiguration;
			buildSettings = {
				CLANG_ENABLE_MODULES = YES;
				CODE_SIGN_IDENTITY = "";
				CODE_SIGN_STYLE = Automatic;
				DEFINES_MODULE = YES;
				DEVELOPMENT_TEAM = 46VP6B8Y3F;
				DYLIB_COMPATIBILITY_VERSION = 1;
				DYLIB_CURRENT_VERSION = 1;
				DYLIB_INSTALL_NAME_BASE = "@rpath";
				INFOPLIST_FILE = SwiftyRedux/Info.plist;
				INSTALL_PATH = "$(LOCAL_LIBRARY_DIR)/Frameworks";
				LD_RUNPATH_SEARCH_PATHS = (
					"$(inherited)",
					"@executable_path/Frameworks",
					"@loader_path/Frameworks",
				);
				PRODUCT_BUNDLE_IDENTIFIER = com.alex.voronov.SwiftyRedux;
				PRODUCT_NAME = "$(TARGET_NAME:c99extidentifier)";
				SKIP_INSTALL = YES;
				SWIFT_OPTIMIZATION_LEVEL = "-Onone";
				SWIFT_VERSION = 4.2;
				TARGETED_DEVICE_FAMILY = "1,2";
			};
			name = Debug;
		};
		D25B30D321C5D8AD009DA868 /* Release */ = {
			isa = XCBuildConfiguration;
			buildSettings = {
				CLANG_ENABLE_MODULES = YES;
				CODE_SIGN_IDENTITY = "";
				CODE_SIGN_STYLE = Automatic;
				DEFINES_MODULE = YES;
				DEVELOPMENT_TEAM = 46VP6B8Y3F;
				DYLIB_COMPATIBILITY_VERSION = 1;
				DYLIB_CURRENT_VERSION = 1;
				DYLIB_INSTALL_NAME_BASE = "@rpath";
				INFOPLIST_FILE = SwiftyRedux/Info.plist;
				INSTALL_PATH = "$(LOCAL_LIBRARY_DIR)/Frameworks";
				LD_RUNPATH_SEARCH_PATHS = (
					"$(inherited)",
					"@executable_path/Frameworks",
					"@loader_path/Frameworks",
				);
				PRODUCT_BUNDLE_IDENTIFIER = com.alex.voronov.SwiftyRedux;
				PRODUCT_NAME = "$(TARGET_NAME:c99extidentifier)";
				SKIP_INSTALL = YES;
				SWIFT_VERSION = 4.2;
				TARGETED_DEVICE_FAMILY = "1,2";
			};
			name = Release;
		};
		D25B30D521C5D8AD009DA868 /* Debug */ = {
			isa = XCBuildConfiguration;
			buildSettings = {
				ALWAYS_EMBED_SWIFT_STANDARD_LIBRARIES = YES;
				CODE_SIGN_STYLE = Automatic;
				DEVELOPMENT_TEAM = 46VP6B8Y3F;
				INFOPLIST_FILE = SwiftyReduxTests/Info.plist;
				LD_RUNPATH_SEARCH_PATHS = (
					"$(inherited)",
					"@executable_path/Frameworks",
					"@loader_path/Frameworks",
				);
				PRODUCT_BUNDLE_IDENTIFIER = com.alex.voronov.SwiftyReduxTests;
				PRODUCT_NAME = "$(TARGET_NAME)";
				SWIFT_VERSION = 4.2;
				TARGETED_DEVICE_FAMILY = "1,2";
			};
			name = Debug;
		};
		D25B30D621C5D8AD009DA868 /* Release */ = {
			isa = XCBuildConfiguration;
			buildSettings = {
				ALWAYS_EMBED_SWIFT_STANDARD_LIBRARIES = YES;
				CODE_SIGN_STYLE = Automatic;
				DEVELOPMENT_TEAM = 46VP6B8Y3F;
				INFOPLIST_FILE = SwiftyReduxTests/Info.plist;
				LD_RUNPATH_SEARCH_PATHS = (
					"$(inherited)",
					"@executable_path/Frameworks",
					"@loader_path/Frameworks",
				);
				PRODUCT_BUNDLE_IDENTIFIER = com.alex.voronov.SwiftyReduxTests;
				PRODUCT_NAME = "$(TARGET_NAME)";
				SWIFT_VERSION = 4.2;
				TARGETED_DEVICE_FAMILY = "1,2";
			};
			name = Release;
		};
/* End XCBuildConfiguration section */

/* Begin XCConfigurationList section */
		D25B30B721C5D8AD009DA868 /* Build configuration list for PBXProject "SwiftyRedux" */ = {
			isa = XCConfigurationList;
			buildConfigurations = (
				D25B30CF21C5D8AD009DA868 /* Debug */,
				D25B30D021C5D8AD009DA868 /* Release */,
			);
			defaultConfigurationIsVisible = 0;
			defaultConfigurationName = Release;
		};
		D25B30D121C5D8AD009DA868 /* Build configuration list for PBXNativeTarget "SwiftyRedux" */ = {
			isa = XCConfigurationList;
			buildConfigurations = (
				D25B30D221C5D8AD009DA868 /* Debug */,
				D25B30D321C5D8AD009DA868 /* Release */,
			);
			defaultConfigurationIsVisible = 0;
			defaultConfigurationName = Release;
		};
		D25B30D421C5D8AD009DA868 /* Build configuration list for PBXNativeTarget "SwiftyReduxTests" */ = {
			isa = XCConfigurationList;
			buildConfigurations = (
				D25B30D521C5D8AD009DA868 /* Debug */,
				D25B30D621C5D8AD009DA868 /* Release */,
			);
			defaultConfigurationIsVisible = 0;
			defaultConfigurationName = Release;
		};
/* End XCConfigurationList section */
	};
	rootObject = D25B30B421C5D8AD009DA868 /* Project object */;
}
